
Microsoft Visual Studio Solution File, Format Version 10.00
# Visual Studio 2008
Project("{FAE04EC0-301F-11D3-BF4B-00C04F79EFBC}") = "MediaElementSample", "MediaElementSample\MediaElementSample.csproj", "{3AD3D7D3-BBA4-496B-BF9C-5D3D146CB479}"
EndProject
Project("{FAE04EC0-301F-11D3-BF4B-00C04F79EFBC}") = "MediaElementSample.Web", "MediaElementSample.Web\MediaElementSample.Web.csproj", "{DB90974C-B83E-417F-806B-FB7430F1D2FD}"
EndProject
Global
	GlobalSection(SolutionConfigurationPlatforms) = preSolution
		Debug|Any CPU = Debug|Any CPU
		Release|Any CPU = Release|Any CPU
	EndGlobalSection
	GlobalSection(ProjectConfigurationPlatforms) = postSolution
		{3AD3D7D3-BBA4-496B-BF9C-5D3D146CB479}.Debug|Any CPU.ActiveCfg = Debug|Any CPU
		{3AD3D7D3-BBA4-496B-BF9C-5D3D146CB479}.Debug|Any CPU.Build.0 = Debug|Any CPU
		{3AD3D7D3-BBA4-496B-BF9C-5D3D146CB479}.Release|Any CPU.ActiveCfg = Release|Any CPU
		{3AD3D7D3-BBA4-496B-BF9C-5D3D146CB479}.Release|Any CPU.Build.0 = Release|Any CPU
		{DB90974C-B83E-417F-806B-FB7430F1D2FD}.Debug|Any CPU.ActiveCfg = Debug|Any CPU
		{DB90974C-B83E-417F-806B-FB7430F1D2FD}.Debug|Any CPU.Build.0 = Debug|Any CPU
		{DB90974C-B83E-417F-806B-FB7430F1D2FD}.Release|Any CPU.ActiveCfg = Release|Any CPU
		{DB90974C-B83E-417F-806B-FB7430F1D2FD}.Release|Any CPU.Build.0 = Release|Any CPU
	EndGlobalSection
	GlobalSection(SolutionProperties) = preSolution
		HideSolutionNode = FALSE
	EndGlobalSection
EndGlobal
