
Microsoft Visual Studio Solution File, Format Version 10.00
# Visual Studio 2008
Project("{FAE04EC0-301F-11D3-BF4B-00C04F79EFBC}") = "DefaultControls", "DefaultControls\DefaultControls.csproj", "{8D7C8865-5F20-4CB3-A084-C60BE940E0F9}"
EndProject
Global
	GlobalSection(SolutionConfigurationPlatforms) = preSolution
		Debug|Any CPU = Debug|Any CPU
		Release|Any CPU = Release|Any CPU
	EndGlobalSection
	GlobalSection(ProjectConfigurationPlatforms) = postSolution
		{8D7C8865-5F20-4CB3-A084-C60BE940E0F9}.Debug|Any CPU.ActiveCfg = Debug|Any CPU
		{8D7C8865-5F20-4CB3-A084-C60BE940E0F9}.Debug|Any CPU.Build.0 = Debug|Any CPU
		{8D7C8865-5F20-4CB3-A084-C60BE940E0F9}.Release|Any CPU.ActiveCfg = Release|Any CPU
		{8D7C8865-5F20-4CB3-A084-C60BE940E0F9}.Release|Any CPU.Build.0 = Release|Any CPU
	EndGlobalSection
	GlobalSection(SolutionProperties) = preSolution
		HideSolutionNode = FALSE
	EndGlobalSection
EndGlobal
