
Microsoft Visual Studio Solution File, Format Version 10.00
# Visual Studio 2008
Project("{FAE04EC0-301F-11D3-BF4B-00C04F79EFBC}") = "RepeatButtonSample", "RepeatButtonSample\RepeatButtonSample.csproj", "{BCF0D19D-950A-4FB4-8A19-B86B4B1A323B}"
EndProject
Global
	GlobalSection(SolutionConfigurationPlatforms) = preSolution
		Debug|Any CPU = Debug|Any CPU
		Release|Any CPU = Release|Any CPU
	EndGlobalSection
	GlobalSection(ProjectConfigurationPlatforms) = postSolution
		{BCF0D19D-950A-4FB4-8A19-B86B4B1A323B}.Debug|Any CPU.ActiveCfg = Debug|Any CPU
		{BCF0D19D-950A-4FB4-8A19-B86B4B1A323B}.Debug|Any CPU.Build.0 = Debug|Any CPU
		{BCF0D19D-950A-4FB4-8A19-B86B4B1A323B}.Release|Any CPU.ActiveCfg = Release|Any CPU
		{BCF0D19D-950A-4FB4-8A19-B86B4B1A323B}.Release|Any CPU.Build.0 = Release|Any CPU
	EndGlobalSection
	GlobalSection(SolutionProperties) = preSolution
		HideSolutionNode = FALSE
	EndGlobalSection
EndGlobal
