
Microsoft Visual Studio Solution File, Format Version 10.00
# Visual Studio 2008
Project("{FAE04EC0-301F-11D3-BF4B-00C04F79EFBC}") = "DatePickerSample", "DatePickerSample\DatePickerSample.csproj", "{419F6BC3-A070-4667-90CF-EE23F5F1D5A0}"
EndProject
Project("{FAE04EC0-301F-11D3-BF4B-00C04F79EFBC}") = "DatePickerSample.Web", "DatePickerSample.Web\DatePickerSample.Web.csproj", "{B94B0DB3-460B-43BA-B544-E643C1658A71}"
EndProject
Global
	GlobalSection(SolutionConfigurationPlatforms) = preSolution
		Debug|Any CPU = Debug|Any CPU
		Release|Any CPU = Release|Any CPU
	EndGlobalSection
	GlobalSection(ProjectConfigurationPlatforms) = postSolution
		{419F6BC3-A070-4667-90CF-EE23F5F1D5A0}.Debug|Any CPU.ActiveCfg = Debug|Any CPU
		{419F6BC3-A070-4667-90CF-EE23F5F1D5A0}.Debug|Any CPU.Build.0 = Debug|Any CPU
		{419F6BC3-A070-4667-90CF-EE23F5F1D5A0}.Release|Any CPU.ActiveCfg = Release|Any CPU
		{419F6BC3-A070-4667-90CF-EE23F5F1D5A0}.Release|Any CPU.Build.0 = Release|Any CPU
		{B94B0DB3-460B-43BA-B544-E643C1658A71}.Debug|Any CPU.ActiveCfg = Debug|Any CPU
		{B94B0DB3-460B-43BA-B544-E643C1658A71}.Debug|Any CPU.Build.0 = Debug|Any CPU
		{B94B0DB3-460B-43BA-B544-E643C1658A71}.Release|Any CPU.ActiveCfg = Release|Any CPU
		{B94B0DB3-460B-43BA-B544-E643C1658A71}.Release|Any CPU.Build.0 = Release|Any CPU
	EndGlobalSection
	GlobalSection(SolutionProperties) = preSolution
		HideSolutionNode = FALSE
	EndGlobalSection
EndGlobal
