
Microsoft Visual Studio Solution File, Format Version 10.00
# Visual Studio 2008
Project("{FAE04EC0-301F-11D3-BF4B-00C04F79EFBC}") = "DatePickerSample", "DatePickerSample\DatePickerSample.csproj", "{8871E737-012A-4BD9-9A64-F9BD1497B17D}"
EndProject
Project("{FAE04EC0-301F-11D3-BF4B-00C04F79EFBC}") = "DatePickerSample.Web", "DatePickerSample.Web\DatePickerSample.Web.csproj", "{8D7825CD-D55F-4A05-A82B-7F28AE44C0A5}"
EndProject
Global
	GlobalSection(SolutionConfigurationPlatforms) = preSolution
		Debug|Any CPU = Debug|Any CPU
		Release|Any CPU = Release|Any CPU
	EndGlobalSection
	GlobalSection(ProjectConfigurationPlatforms) = postSolution
		{8871E737-012A-4BD9-9A64-F9BD1497B17D}.Debug|Any CPU.ActiveCfg = Debug|Any CPU
		{8871E737-012A-4BD9-9A64-F9BD1497B17D}.Debug|Any CPU.Build.0 = Debug|Any CPU
		{8871E737-012A-4BD9-9A64-F9BD1497B17D}.Release|Any CPU.ActiveCfg = Release|Any CPU
		{8871E737-012A-4BD9-9A64-F9BD1497B17D}.Release|Any CPU.Build.0 = Release|Any CPU
		{8D7825CD-D55F-4A05-A82B-7F28AE44C0A5}.Debug|Any CPU.ActiveCfg = Debug|Any CPU
		{8D7825CD-D55F-4A05-A82B-7F28AE44C0A5}.Debug|Any CPU.Build.0 = Debug|Any CPU
		{8D7825CD-D55F-4A05-A82B-7F28AE44C0A5}.Release|Any CPU.ActiveCfg = Release|Any CPU
		{8D7825CD-D55F-4A05-A82B-7F28AE44C0A5}.Release|Any CPU.Build.0 = Release|Any CPU
	EndGlobalSection
	GlobalSection(SolutionProperties) = preSolution
		HideSolutionNode = FALSE
	EndGlobalSection
EndGlobal
