
Microsoft Visual Studio Solution File, Format Version 10.00
# Visual Studio 2008
Project("{FAE04EC0-301F-11D3-BF4B-00C04F79EFBC}") = "CanvasSample", "CanvasSample\CanvasSample.csproj", "{B7B96699-F335-4B5D-ADEB-4C49BA6803A4}"
EndProject
Project("{FAE04EC0-301F-11D3-BF4B-00C04F79EFBC}") = "CanvasSample.Web", "CanvasSample.Web\CanvasSample.Web.csproj", "{69006C55-7634-4045-BD4D-01CFEFD68413}"
EndProject
Global
	GlobalSection(SolutionConfigurationPlatforms) = preSolution
		Debug|Any CPU = Debug|Any CPU
		Release|Any CPU = Release|Any CPU
	EndGlobalSection
	GlobalSection(ProjectConfigurationPlatforms) = postSolution
		{B7B96699-F335-4B5D-ADEB-4C49BA6803A4}.Debug|Any CPU.ActiveCfg = Debug|Any CPU
		{B7B96699-F335-4B5D-ADEB-4C49BA6803A4}.Debug|Any CPU.Build.0 = Debug|Any CPU
		{B7B96699-F335-4B5D-ADEB-4C49BA6803A4}.Release|Any CPU.ActiveCfg = Release|Any CPU
		{B7B96699-F335-4B5D-ADEB-4C49BA6803A4}.Release|Any CPU.Build.0 = Release|Any CPU
		{69006C55-7634-4045-BD4D-01CFEFD68413}.Debug|Any CPU.ActiveCfg = Debug|Any CPU
		{69006C55-7634-4045-BD4D-01CFEFD68413}.Debug|Any CPU.Build.0 = Debug|Any CPU
		{69006C55-7634-4045-BD4D-01CFEFD68413}.Release|Any CPU.ActiveCfg = Release|Any CPU
		{69006C55-7634-4045-BD4D-01CFEFD68413}.Release|Any CPU.Build.0 = Release|Any CPU
	EndGlobalSection
	GlobalSection(SolutionProperties) = preSolution
		HideSolutionNode = FALSE
	EndGlobalSection
EndGlobal
