
Microsoft Visual Studio Solution File, Format Version 10.00
# Visual Studio 2008
Project("{FAE04EC0-301F-11D3-BF4B-00C04F79EFBC}") = "MoonAtkBridge", "MoonAtkBridge\MoonAtkBridge.csproj", "{6197FA98-1D0D-4CBD-8244-4614208F1A9A}"
EndProject
Project("{9344bdbb-3e7f-41fc-a0dd-8665d75ee146}") = "tests", "tests\tests.mdproj", "{47422ED5-EDAD-4F7C-9410-08BCF388CAF6}"
EndProject
Global
	GlobalSection(SolutionConfigurationPlatforms) = preSolution
		Debug|Any CPU = Debug|Any CPU
	EndGlobalSection
	GlobalSection(ProjectConfigurationPlatforms) = postSolution
		{47422ED5-EDAD-4F7C-9410-08BCF388CAF6}.Debug|Any CPU.ActiveCfg = Debug|Any CPU
		{6197FA98-1D0D-4CBD-8244-4614208F1A9A}.Debug|Any CPU.ActiveCfg = Debug|Any CPU
		{6197FA98-1D0D-4CBD-8244-4614208F1A9A}.Debug|Any CPU.Build.0 = Debug|Any CPU
	EndGlobalSection
	GlobalSection(MonoDevelopProperties) = preSolution
		StartupItem = MoonAtkBridge\MoonAtkBridge.csproj
		Policies = $0
		$0.DotNetNamingPolicy = $1
		$1.DirectoryNamespaceAssociation = Flat
		$1.ResourceNamePolicy = FileFormatDefault
		$0.CSharpFormattingPolicy = $2
		$2.SpacesAfterTypecast = True
		$2.inheritsSet = Mono
		$2.inheritsScope = text/x-csharp
		$2.scope = text/x-csharp
		$0.TextStylePolicy = $3
		$3.FileWidth = 120
		$3.TabWidth = 4
		$3.inheritsSet = Mono
		$3.inheritsScope = text/plain
		$3.scope = text/plain
		$0.TextStylePolicy = $4
		$4.inheritsSet = Mono
		$4.inheritsScope = text/plain
		$4.scope = text/x-csharp
		$0.ChangeLogPolicy = $5
		$5.UpdateMode = Nearest
		$5.MessageStyle = $6
		$6.LineAlign = 0
		$5.inheritsSet = Mono
		name = MoonAtkBridge
	EndGlobalSection
EndGlobal
