
Microsoft Visual Studio Solution File, Format Version 10.00
# Visual Studio 2008
Project("{FAE04EC0-301F-11D3-BF4B-00C04F79EFBC}") = "UiaDbus", "UiaDbus\UiaDbus.csproj", "{1E67B433-629F-4740-BD8A-E200D6A73EC5}"
EndProject
Project("{FAE04EC0-301F-11D3-BF4B-00C04F79EFBC}") = "UiaDbusBridge", "UiaDbusBridge\UiaDbusBridge.csproj", "{C998BCE9-DE5E-40EB-ABCA-FD1E96B6AD95}"
EndProject
Project("{FAE04EC0-301F-11D3-BF4B-00C04F79EFBC}") = "UiaDbusBridgeTests", "UiaDbusBridgeTests\UiaDbusBridgeTests.csproj", "{8AC638D0-B602-4231-8197-9E57CA81C94F}"
EndProject
Project("{FAE04EC0-301F-11D3-BF4B-00C04F79EFBC}") = "UiaDbusSource", "UiaDbusSource\UiaDbusSource.csproj", "{1BC63BAE-1629-4722-97C6-3585C9676F42}"
EndProject
Global
	GlobalSection(SolutionConfigurationPlatforms) = preSolution
		Debug|Any CPU = Debug|Any CPU
	EndGlobalSection
	GlobalSection(ProjectConfigurationPlatforms) = postSolution
		{1BC63BAE-1629-4722-97C6-3585C9676F42}.Debug|Any CPU.ActiveCfg = Debug|Any CPU
		{1BC63BAE-1629-4722-97C6-3585C9676F42}.Debug|Any CPU.Build.0 = Debug|Any CPU
		{1E67B433-629F-4740-BD8A-E200D6A73EC5}.Debug|Any CPU.ActiveCfg = Debug|Any CPU
		{1E67B433-629F-4740-BD8A-E200D6A73EC5}.Debug|Any CPU.Build.0 = Debug|Any CPU
		{8AC638D0-B602-4231-8197-9E57CA81C94F}.Debug|Any CPU.ActiveCfg = Debug|Any CPU
		{8AC638D0-B602-4231-8197-9E57CA81C94F}.Debug|Any CPU.Build.0 = Debug|Any CPU
		{C998BCE9-DE5E-40EB-ABCA-FD1E96B6AD95}.Debug|Any CPU.ActiveCfg = Debug|Any CPU
		{C998BCE9-DE5E-40EB-ABCA-FD1E96B6AD95}.Debug|Any CPU.Build.0 = Debug|Any CPU
	EndGlobalSection
	GlobalSection(MonoDevelopProperties) = preSolution
		StartupItem = UiaDbus\UiaDbus.csproj
		Policies = $0
		$0.DotNetNamingPolicy = $1
		$1.DirectoryNamespaceAssociation = Flat
		$1.ResourceNamePolicy = FileFormatDefault
		$0.CSharpFormattingPolicy = $2
		$2.SpacesAfterTypecast = True
		$2.inheritsSet = Mono
		$2.inheritsScope = text/x-csharp
		$2.scope = text/x-csharp
		$0.TextStylePolicy = $3
		$3.FileWidth = 120
		$3.TabWidth = 4
		$3.inheritsSet = Mono
		$3.inheritsScope = text/plain
		$3.scope = text/plain
		$0.TextStylePolicy = $4
		$4.inheritsSet = Mono
		$4.inheritsScope = text/plain
		$4.scope = text/x-csharp
	EndGlobalSection
EndGlobal
