
Microsoft Visual Studio Solution File, Format Version 10.00
# Visual Studio 2008
Project("{FAE04EC0-301F-11D3-BF4B-00C04F79EFBC}") = "CalendarSample", "CalendarSample\CalendarSample.csproj", "{3BD9B8FA-5BC0-4D35-97A5-32C629813542}"
EndProject
Project("{FAE04EC0-301F-11D3-BF4B-00C04F79EFBC}") = "CalendarSample.Web", "CalendarSample.Web\CalendarSample.Web.csproj", "{B72162BC-3BBF-4BBD-8D8C-9196B58AB9A8}"
EndProject
Global
	GlobalSection(SolutionConfigurationPlatforms) = preSolution
		Debug|Any CPU = Debug|Any CPU
		Release|Any CPU = Release|Any CPU
	EndGlobalSection
	GlobalSection(ProjectConfigurationPlatforms) = postSolution
		{3BD9B8FA-5BC0-4D35-97A5-32C629813542}.Debug|Any CPU.ActiveCfg = Debug|Any CPU
		{3BD9B8FA-5BC0-4D35-97A5-32C629813542}.Debug|Any CPU.Build.0 = Debug|Any CPU
		{3BD9B8FA-5BC0-4D35-97A5-32C629813542}.Release|Any CPU.ActiveCfg = Release|Any CPU
		{3BD9B8FA-5BC0-4D35-97A5-32C629813542}.Release|Any CPU.Build.0 = Release|Any CPU
		{B72162BC-3BBF-4BBD-8D8C-9196B58AB9A8}.Debug|Any CPU.ActiveCfg = Debug|Any CPU
		{B72162BC-3BBF-4BBD-8D8C-9196B58AB9A8}.Debug|Any CPU.Build.0 = Debug|Any CPU
		{B72162BC-3BBF-4BBD-8D8C-9196B58AB9A8}.Release|Any CPU.ActiveCfg = Release|Any CPU
		{B72162BC-3BBF-4BBD-8D8C-9196B58AB9A8}.Release|Any CPU.Build.0 = Release|Any CPU
	EndGlobalSection
	GlobalSection(SolutionProperties) = preSolution
		HideSolutionNode = FALSE
	EndGlobalSection
EndGlobal
