
Microsoft Visual Studio Solution File, Format Version 10.00
# Visual Studio 2008
Project("{FAE04EC0-301F-11D3-BF4B-00C04F79EFBC}") = "CalendarSample", "CalendarSample\CalendarSample.csproj", "{BBE14351-386A-46C0-8E60-EA6BB2A70A74}"
EndProject
Project("{FAE04EC0-301F-11D3-BF4B-00C04F79EFBC}") = "CalendarSample.Web", "CalendarSample.Web\CalendarSample.Web.csproj", "{95AF260D-5B7D-4BA0-92E4-CE5953685333}"
EndProject
Global
	GlobalSection(SolutionConfigurationPlatforms) = preSolution
		Debug|Any CPU = Debug|Any CPU
		Release|Any CPU = Release|Any CPU
	EndGlobalSection
	GlobalSection(ProjectConfigurationPlatforms) = postSolution
		{BBE14351-386A-46C0-8E60-EA6BB2A70A74}.Debug|Any CPU.ActiveCfg = Debug|Any CPU
		{BBE14351-386A-46C0-8E60-EA6BB2A70A74}.Debug|Any CPU.Build.0 = Debug|Any CPU
		{BBE14351-386A-46C0-8E60-EA6BB2A70A74}.Release|Any CPU.ActiveCfg = Release|Any CPU
		{BBE14351-386A-46C0-8E60-EA6BB2A70A74}.Release|Any CPU.Build.0 = Release|Any CPU
		{95AF260D-5B7D-4BA0-92E4-CE5953685333}.Debug|Any CPU.ActiveCfg = Debug|Any CPU
		{95AF260D-5B7D-4BA0-92E4-CE5953685333}.Debug|Any CPU.Build.0 = Debug|Any CPU
		{95AF260D-5B7D-4BA0-92E4-CE5953685333}.Release|Any CPU.ActiveCfg = Release|Any CPU
		{95AF260D-5B7D-4BA0-92E4-CE5953685333}.Release|Any CPU.Build.0 = Release|Any CPU
	EndGlobalSection
	GlobalSection(SolutionProperties) = preSolution
		HideSolutionNode = FALSE
	EndGlobalSection
EndGlobal
