
Microsoft Visual Studio Solution File, Format Version 10.00
# Visual Studio 2008
Project("{FAE04EC0-301F-11D3-BF4B-00C04F79EFBC}") = "MultiScaleImageSample", "MultiScaleImageSample\MultiScaleImageSample.csproj", "{1CB9C75E-B0E4-43C4-9639-690513C46601}"
EndProject
Project("{FAE04EC0-301F-11D3-BF4B-00C04F79EFBC}") = "MultiScaleImageSample.Web", "MultiScaleImageSample.Web\MultiScaleImageSample.Web.csproj", "{85393C75-9E8F-4B54-A063-A3C42763F4CC}"
EndProject
Global
	GlobalSection(SolutionConfigurationPlatforms) = preSolution
		Debug|Any CPU = Debug|Any CPU
		Release|Any CPU = Release|Any CPU
	EndGlobalSection
	GlobalSection(ProjectConfigurationPlatforms) = postSolution
		{1CB9C75E-B0E4-43C4-9639-690513C46601}.Debug|Any CPU.ActiveCfg = Debug|Any CPU
		{1CB9C75E-B0E4-43C4-9639-690513C46601}.Debug|Any CPU.Build.0 = Debug|Any CPU
		{1CB9C75E-B0E4-43C4-9639-690513C46601}.Release|Any CPU.ActiveCfg = Release|Any CPU
		{1CB9C75E-B0E4-43C4-9639-690513C46601}.Release|Any CPU.Build.0 = Release|Any CPU
		{85393C75-9E8F-4B54-A063-A3C42763F4CC}.Debug|Any CPU.ActiveCfg = Debug|Any CPU
		{85393C75-9E8F-4B54-A063-A3C42763F4CC}.Debug|Any CPU.Build.0 = Debug|Any CPU
		{85393C75-9E8F-4B54-A063-A3C42763F4CC}.Release|Any CPU.ActiveCfg = Release|Any CPU
		{85393C75-9E8F-4B54-A063-A3C42763F4CC}.Release|Any CPU.Build.0 = Release|Any CPU
	EndGlobalSection
	GlobalSection(SolutionProperties) = preSolution
		HideSolutionNode = FALSE
	EndGlobalSection
EndGlobal
