
Microsoft Visual Studio Solution File, Format Version 10.00
# Visual Studio 2008
Project("{FAE04EC0-301F-11D3-BF4B-00C04F79EFBC}") = "CheckBoxSample", "CheckBoxSample\CheckBoxSample.csproj", "{5CA10024-5C43-4C6A-924C-9857FBDF2A2E}"
EndProject
Project("{FAE04EC0-301F-11D3-BF4B-00C04F79EFBC}") = "CheckBoxSample.Web", "CheckBoxSample.Web\CheckBoxSample.Web.csproj", "{F4BC9055-29AF-4C3A-BF6C-978840454F59}"
EndProject
Global
	GlobalSection(SolutionConfigurationPlatforms) = preSolution
		Debug|Any CPU = Debug|Any CPU
		Release|Any CPU = Release|Any CPU
	EndGlobalSection
	GlobalSection(ProjectConfigurationPlatforms) = postSolution
		{5CA10024-5C43-4C6A-924C-9857FBDF2A2E}.Debug|Any CPU.ActiveCfg = Debug|Any CPU
		{5CA10024-5C43-4C6A-924C-9857FBDF2A2E}.Debug|Any CPU.Build.0 = Debug|Any CPU
		{5CA10024-5C43-4C6A-924C-9857FBDF2A2E}.Release|Any CPU.ActiveCfg = Release|Any CPU
		{5CA10024-5C43-4C6A-924C-9857FBDF2A2E}.Release|Any CPU.Build.0 = Release|Any CPU
		{F4BC9055-29AF-4C3A-BF6C-978840454F59}.Debug|Any CPU.ActiveCfg = Debug|Any CPU
		{F4BC9055-29AF-4C3A-BF6C-978840454F59}.Debug|Any CPU.Build.0 = Debug|Any CPU
		{F4BC9055-29AF-4C3A-BF6C-978840454F59}.Release|Any CPU.ActiveCfg = Release|Any CPU
		{F4BC9055-29AF-4C3A-BF6C-978840454F59}.Release|Any CPU.Build.0 = Release|Any CPU
	EndGlobalSection
	GlobalSection(SolutionProperties) = preSolution
		HideSolutionNode = FALSE
	EndGlobalSection
EndGlobal
