
Microsoft Visual Studio Solution File, Format Version 10.00
# Visual Studio 2008
Project("{FAE04EC0-301F-11D3-BF4B-00C04F79EFBC}") = "ProgressBar", "ProgressBar\ProgressBar.csproj", "{CA276084-85DC-4F84-9DB4-B9488608DB0C}"
EndProject
Global
	GlobalSection(SolutionConfigurationPlatforms) = preSolution
		Debug|Any CPU = Debug|Any CPU
		Release|Any CPU = Release|Any CPU
	EndGlobalSection
	GlobalSection(ProjectConfigurationPlatforms) = postSolution
		{CA276084-85DC-4F84-9DB4-B9488608DB0C}.Debug|Any CPU.ActiveCfg = Debug|Any CPU
		{CA276084-85DC-4F84-9DB4-B9488608DB0C}.Debug|Any CPU.Build.0 = Debug|Any CPU
		{CA276084-85DC-4F84-9DB4-B9488608DB0C}.Release|Any CPU.ActiveCfg = Release|Any CPU
		{CA276084-85DC-4F84-9DB4-B9488608DB0C}.Release|Any CPU.Build.0 = Release|Any CPU
	EndGlobalSection
	GlobalSection(SolutionProperties) = preSolution
		HideSolutionNode = FALSE
	EndGlobalSection
EndGlobal
