
Microsoft Visual Studio Solution File, Format Version 10.00
# Visual Studio 2008
Project("{FAE04EC0-301F-11D3-BF4B-00C04F79EFBC}") = "ComboBoxSample", "ComboBoxSample\ComboBoxSample.csproj", "{97BBAAA3-FD20-4539-9AA0-540509FD96CC}"
EndProject
Project("{FAE04EC0-301F-11D3-BF4B-00C04F79EFBC}") = "ComboBoxSample.Web", "ComboBoxSample.Web\ComboBoxSample.Web.csproj", "{F1E4DF78-A219-4588-8BBE-890E7DE035B1}"
EndProject
Global
	GlobalSection(SolutionConfigurationPlatforms) = preSolution
		Debug|Any CPU = Debug|Any CPU
		Release|Any CPU = Release|Any CPU
	EndGlobalSection
	GlobalSection(ProjectConfigurationPlatforms) = postSolution
		{97BBAAA3-FD20-4539-9AA0-540509FD96CC}.Debug|Any CPU.ActiveCfg = Debug|Any CPU
		{97BBAAA3-FD20-4539-9AA0-540509FD96CC}.Debug|Any CPU.Build.0 = Debug|Any CPU
		{97BBAAA3-FD20-4539-9AA0-540509FD96CC}.Release|Any CPU.ActiveCfg = Release|Any CPU
		{97BBAAA3-FD20-4539-9AA0-540509FD96CC}.Release|Any CPU.Build.0 = Release|Any CPU
		{F1E4DF78-A219-4588-8BBE-890E7DE035B1}.Debug|Any CPU.ActiveCfg = Debug|Any CPU
		{F1E4DF78-A219-4588-8BBE-890E7DE035B1}.Debug|Any CPU.Build.0 = Debug|Any CPU
		{F1E4DF78-A219-4588-8BBE-890E7DE035B1}.Release|Any CPU.ActiveCfg = Release|Any CPU
		{F1E4DF78-A219-4588-8BBE-890E7DE035B1}.Release|Any CPU.Build.0 = Release|Any CPU
	EndGlobalSection
	GlobalSection(SolutionProperties) = preSolution
		HideSolutionNode = FALSE
	EndGlobalSection
EndGlobal
