
Microsoft Visual Studio Solution File, Format Version 10.00
# Visual Studio 2008
Project("{FAE04EC0-301F-11D3-BF4B-00C04F79EFBC}") = "Thumb", "Thumb\Thumb.csproj", "{71C1464B-8804-4E01-AFA1-7FB03B0A9B5D}"
EndProject
Global
	GlobalSection(SolutionConfigurationPlatforms) = preSolution
		Debug|Any CPU = Debug|Any CPU
		Release|Any CPU = Release|Any CPU
	EndGlobalSection
	GlobalSection(ProjectConfigurationPlatforms) = postSolution
		{71C1464B-8804-4E01-AFA1-7FB03B0A9B5D}.Debug|Any CPU.ActiveCfg = Debug|Any CPU
		{71C1464B-8804-4E01-AFA1-7FB03B0A9B5D}.Debug|Any CPU.Build.0 = Debug|Any CPU
		{71C1464B-8804-4E01-AFA1-7FB03B0A9B5D}.Release|Any CPU.ActiveCfg = Release|Any CPU
		{71C1464B-8804-4E01-AFA1-7FB03B0A9B5D}.Release|Any CPU.Build.0 = Release|Any CPU
	EndGlobalSection
	GlobalSection(SolutionProperties) = preSolution
		HideSolutionNode = FALSE
	EndGlobalSection
EndGlobal
